{
  "requires": true,
  "lockfileVersion": 1,
  "dependencies": {
    "emojify.js": {
      "version": "1.1.0",
      "resolved": "https://registry.npmjs.org/emojify.js/-/emojify.js-1.1.0.tgz",
      "integrity": "sha512-7ZntclqOvo3QFQvWRkweep40zEs+VXCKw4KwpppJ/bqTiiAgMhBIx+HHl1+X1QAkSrQsMzvU1qfuFH0QDzck4g=="
    },
    "gitbook-plugin-advanced-emoji": {
      "version": "0.2.2",
      "resolved": "https://registry.npmjs.org/gitbook-plugin-advanced-emoji/-/gitbook-plugin-advanced-emoji-0.2.2.tgz",
      "integrity": "sha512-FZ7hAVL58qrTHXqnt8gZMHBpdgXlvRL/Cp3mvq2BWRDJAXifstyK9Oh8n5qEpAkIN4trxU2iUcDSbhWJAJ3SZA==",
      "requires": {
        "emojify.js": "^1.1.0"
      }
    },
    "gitbook-plugin-back-to-top-button": {
      "version": "0.1.4",
      "resolved": "https://registry.npmjs.org/gitbook-plugin-back-to-top-button/-/gitbook-plugin-back-to-top-button-0.1.4.tgz",
      "integrity": "sha512-B97MdUp4YhNkSmEc1v+5E21nRaI+ppNKjz2oZelZ8DTuumOMe/e0QizXC2ymxO8iYPkWuaqzaeGedHpxRq/Yhw=="
    },
    "gitbook-plugin-chapter-fold": {
      "version": "0.0.4",
      "resolved": "https://registry.npmjs.org/gitbook-plugin-chapter-fold/-/gitbook-plugin-chapter-fold-0.0.4.tgz",
      "integrity": "sha512-pszjq24KVV7sZFsaYE/3e3fA9zkdMiK4QVlfxvlOiuPpoEWuZb1BbpurZTla8aNjyqbE5ifK4BxwKlHvgcAlsg=="
    },
    "gitbook-plugin-code": {
      "version": "0.1.0",
      "resolved": "https://registry.npmjs.org/gitbook-plugin-code/-/gitbook-plugin-code-0.1.0.tgz",
      "integrity": "sha512-TE8CUFlN7da4SiN2LYx8qk+FX5w2O2IicEcn48sPTpA8gj9qKQqpYpGEdwgsDEev11shEjCZhDwFN//GQ7bdnA=="
    },
    "gitbook-plugin-copy-code-button": {
      "version": "0.0.2",
      "resolved": "https://registry.npmjs.org/gitbook-plugin-copy-code-button/-/gitbook-plugin-copy-code-button-0.0.2.tgz",
      "integrity": "sha512-47i/0/HQBb9Z7jSkfSkDuwP8vJw6gEpgvI4HTmuKGK4Vqd7mDIE3h/1HgJocLkqtz1/WwDPoU/vNiG/06J4x/Q=="
    },
    "gitbook-plugin-expandable-chapters-small": {
      "version": "0.1.7",
      "resolved": "https://registry.npmjs.org/gitbook-plugin-expandable-chapters-small/-/gitbook-plugin-expandable-chapters-small-0.1.7.tgz",
      "integrity": "sha512-bgmPN6AtXqFXH1q9HgWRHJbx0OXS3nuCU8gLgWEARz8adbFaW0p98NTCX3CaEuYTuU3t/UYWASAjQqI+zpCdng=="
    },
    "gitbook-plugin-search-pro": {
      "version": "2.0.2",
      "resolved": "https://registry.npmjs.org/gitbook-plugin-search-pro/-/gitbook-plugin-search-pro-2.0.2.tgz",
      "integrity": "sha512-JZvfwp1DPsoAeGjGwLsYNr4BBgreAUYBfrpZbnLKg3COAO+OsFYOKEAexHKATOajCEhiQMfkN1rnFGTYP2XTkA==",
      "requires": {
        "html-entities": "1.2.0"
      }
    },
    "gitbook-plugin-sharing-plus": {
      "version": "0.0.2",
      "resolved": "https://registry.npmjs.org/gitbook-plugin-sharing-plus/-/gitbook-plugin-sharing-plus-0.0.2.tgz",
      "integrity": "sha512-cGBbqjOazpaQs/OrVVjsA7gCCpd0UG8DJqOx6u93ICs/dIDlS6AgCJr6UXsTM7cA+piKhTU+U+V+LvOigTycmw==",
      "requires": {
        "lodash": "^3.10.1"
      }
    },
    "gitbook-plugin-splitter": {
      "version": "0.0.8",
      "resolved": "https://registry.npmjs.org/gitbook-plugin-splitter/-/gitbook-plugin-splitter-0.0.8.tgz",
      "integrity": "sha512-EGyaiGNPAOhkc5TDqYCMNa17eFTZJX6aD6M7imJ5JbHtIkKmx3mZhoAnI2ovZrxx3x1tq/lmhq94nkayCl8WdQ=="
    },
    "gitbook-plugin-tbfed-pagefooter": {
      "version": "0.0.1",
      "resolved": "https://registry.npmjs.org/gitbook-plugin-tbfed-pagefooter/-/gitbook-plugin-tbfed-pagefooter-0.0.1.tgz",
      "integrity": "sha512-HUuC0bksLgkpGy+chdmYcPYdrYlThU7mFcev43dmUW4JlcbAtxL3I5R82gXQv9nSCE9vL1mrscC8+oZSqNBhdQ==",
      "requires": {
        "moment": "^2.10.6"
      }
    },
    "html-entities": {
      "version": "1.2.0",
      "resolved": "https://registry.npmjs.org/html-entities/-/html-entities-1.2.0.tgz",
      "integrity": "sha512-0md7tlUUyb0BEQGsZzbqty1CgV6RESOoxdivt94AScqhBhYsPCCQCOaGvur/RospMjYpPJ7iFe3zw4Bu4SVA8g=="
    },
    "lodash": {
      "version": "3.10.1",
      "resolved": "https://registry.npmjs.org/lodash/-/lodash-3.10.1.tgz",
      "integrity": "sha512-9mDDwqVIma6OZX79ZlDACZl8sBm0TEnkf99zV3iMA4GzkIT/9hiqP5mY0HoT1iNLCrKc/R1HByV+yJfRWVJryQ=="
    },
    "moment": {
      "version": "2.29.4",
      "resolved": "https://registry.npmjs.org/moment/-/moment-2.29.4.tgz",
      "integrity": "sha512-5LC9SOxjSc2HF6vO2CyuTDNivEdoz2IvyJJGj6X8DJ0eFyfszE0QiEd+iXmBvUP3WHxSjFH/vIsA0EN00cgr8w=="
    }
  }
}
